
Microsoft Visual Studio Solution File, Format Version 12.00
# Visual Studio Version 17
VisualStudioVersion = 17.1.32421.90
MinimumVisualStudioVersion = 10.0.40219.1
Project("{9A19103F-16F7-4668-BE54-9A1E7A4F7556}") = "Entra21.ExemplosWhile", "Entra21.ExemplosWhile\Entra21.ExemplosWhile.csproj", "{C9D9982F-02AE-4C98-8841-DDF456F48F71}"
EndProject
Project("{9A19103F-16F7-4668-BE54-9A1E7A4F7556}") = "Entra21.ExerciciosWhile", "Entra21.ExerciciosWhile\Entra21.ExerciciosWhile.csproj", "{0B2C6F9C-28E5-4DA8-B314-594005B5E6A1}"
EndProject
Project("{9A19103F-16F7-4668-BE54-9A1E7A4F7556}") = "Entra21.ExercicioForEtry", "Entra-21.ExercicioForEtry\Entra21.ExercicioForEtry.csproj", "{C4138282-5882-4FAB-9B87-9CA858E38D85}"
EndProject
Project("{9A19103F-16F7-4668-BE54-9A1E7A4F7556}") = "Entra21.ExerciciosVetores", "Entra21.ExerciciosVetores\Entra21.ExerciciosVetores.csproj", "{B969C3DB-AA38-41AD-ADDD-B32CA9F76C0A}"
EndProject
Project("{9A19103F-16F7-4668-BE54-9A1E7A4F7556}") = "Entra21.ExerciciosComplementaresDeVetor", "Entra21.ExerciciosComplementaresDeVetor\Entra21.ExerciciosComplementaresDeVetor.csproj", "{7945304F-DAD5-4B8E-A5F5-54CF355FBFCC}"
EndProject
Project("{9A19103F-16F7-4668-BE54-9A1E7A4F7556}") = "Entra21.ExemploOrientacaoObjeto", "Entra21.ExemploOrientacaoObjeto\Entra21.ExemploOrientacaoObjeto.csproj", "{C6A86E10-032A-4B1F-B1D3-F75D3BA40725}"
EndProject
Project("{9A19103F-16F7-4668-BE54-9A1E7A4F7556}") = "Entra21.ExemploOrientacaoObjeto.Tests", "Entra21.ExemploOrientacaoObjeto.Tests\Entra21.ExemploOrientacaoObjeto.Tests.csproj", "{DE527DBC-E6E1-4CE5-B9D0-8EF803B70019}"
EndProject
Project("{9A19103F-16F7-4668-BE54-9A1E7A4F7556}") = "Entra21.ExerciciosOrientacaoObjeto", "Entra21.ExerciciosOrientaçãoObjeto\Entra21.ExerciciosOrientacaoObjeto.csproj", "{D59548C2-A567-4899-B7DD-0AE3C1B4C8F4}"
EndProject
Project("{9A19103F-16F7-4668-BE54-9A1E7A4F7556}") = "Entra21.ExerciciosOrientacaoObjeto.Tests", "Entra21.ExerciciosOrientacaoObjeto.Tests\Entra21.ExerciciosOrientacaoObjeto.Tests.csproj", "{9A3C95A6-E387-4509-9D13-F2EA37527A57}"
EndProject
Project("{9A19103F-16F7-4668-BE54-9A1E7A4F7556}") = "Entra21.ExercicioListas", "Entra21.ExercicioListas\Entra21.ExercicioListas.csproj", "{6577ACA7-223C-4781-80D4-3FEC97FC774E}"
EndProject
Project("{9A19103F-16F7-4668-BE54-9A1E7A4F7556}") = "Entra21.ExemploListaObjeto", "Entra21.ExemploListaObjeto\Entra21.ExemploListaObjeto.csproj", "{2E554F7D-F074-4B0D-BAE8-11C1A076CAB9}"
EndProject
Project("{9A19103F-16F7-4668-BE54-9A1E7A4F7556}") = "Entra21.ExercicioListaObjeto", "Entra21.ExercicioListaObjeto\Entra21.ExercicioListaObjeto.csproj", "{B1FD40C8-6E11-41F4-BBFF-335034E33597}"
EndProject
Project("{9A19103F-16F7-4668-BE54-9A1E7A4F7556}") = "Entra21.ExemplosWindowsForms", "Entra21.ExemplosWindowsForms\Entra21.ExemplosWindowsForms.csproj", "{0F14A038-2F45-494A-8638-3F1DAEA7297D}"
EndProject
Project("{2150E333-8FDC-42A3-9474-1A3956D46DE8}") = "ExemploSQL", "ExemploSQL", "{53870F59-574E-40B5-ABF7-DBB738787401}"
	ProjectSection(SolutionItems) = preProject
		\\Server\c#-noturno\Joao.Martinelli\Desktop\ExemplosSQL\ExemplosSQLComandosBasicos.sql = \\Server\c#-noturno\Joao.Martinelli\Desktop\ExemplosSQL\ExemplosSQLComandosBasicos.sql
		ExemplosSQL\ExercicioSQL01.sql = ExemplosSQL\ExercicioSQL01.sql
		ExemplosSQL\ExercicioSQL02.sql = ExemplosSQL\ExercicioSQL02.sql
		ExemplosSQL\ExercicioSQL03.sql = ExemplosSQL\ExercicioSQL03.sql
	EndProjectSection
EndProject
Global
	GlobalSection(SolutionConfigurationPlatforms) = preSolution
		Debug|Any CPU = Debug|Any CPU
		Release|Any CPU = Release|Any CPU
	EndGlobalSection
	GlobalSection(ProjectConfigurationPlatforms) = postSolution
		{C9D9982F-02AE-4C98-8841-DDF456F48F71}.Debug|Any CPU.ActiveCfg = Debug|Any CPU
		{C9D9982F-02AE-4C98-8841-DDF456F48F71}.Debug|Any CPU.Build.0 = Debug|Any CPU
		{C9D9982F-02AE-4C98-8841-DDF456F48F71}.Release|Any CPU.ActiveCfg = Release|Any CPU
		{C9D9982F-02AE-4C98-8841-DDF456F48F71}.Release|Any CPU.Build.0 = Release|Any CPU
		{0B2C6F9C-28E5-4DA8-B314-594005B5E6A1}.Debug|Any CPU.ActiveCfg = Debug|Any CPU
		{0B2C6F9C-28E5-4DA8-B314-594005B5E6A1}.Debug|Any CPU.Build.0 = Debug|Any CPU
		{0B2C6F9C-28E5-4DA8-B314-594005B5E6A1}.Release|Any CPU.ActiveCfg = Release|Any CPU
		{0B2C6F9C-28E5-4DA8-B314-594005B5E6A1}.Release|Any CPU.Build.0 = Release|Any CPU
		{C4138282-5882-4FAB-9B87-9CA858E38D85}.Debug|Any CPU.ActiveCfg = Debug|Any CPU
		{C4138282-5882-4FAB-9B87-9CA858E38D85}.Debug|Any CPU.Build.0 = Debug|Any CPU
		{C4138282-5882-4FAB-9B87-9CA858E38D85}.Release|Any CPU.ActiveCfg = Release|Any CPU
		{C4138282-5882-4FAB-9B87-9CA858E38D85}.Release|Any CPU.Build.0 = Release|Any CPU
		{B969C3DB-AA38-41AD-ADDD-B32CA9F76C0A}.Debug|Any CPU.ActiveCfg = Debug|Any CPU
		{B969C3DB-AA38-41AD-ADDD-B32CA9F76C0A}.Debug|Any CPU.Build.0 = Debug|Any CPU
		{B969C3DB-AA38-41AD-ADDD-B32CA9F76C0A}.Release|Any CPU.ActiveCfg = Release|Any CPU
		{B969C3DB-AA38-41AD-ADDD-B32CA9F76C0A}.Release|Any CPU.Build.0 = Release|Any CPU
		{7945304F-DAD5-4B8E-A5F5-54CF355FBFCC}.Debug|Any CPU.ActiveCfg = Debug|Any CPU
		{7945304F-DAD5-4B8E-A5F5-54CF355FBFCC}.Debug|Any CPU.Build.0 = Debug|Any CPU
		{7945304F-DAD5-4B8E-A5F5-54CF355FBFCC}.Release|Any CPU.ActiveCfg = Release|Any CPU
		{7945304F-DAD5-4B8E-A5F5-54CF355FBFCC}.Release|Any CPU.Build.0 = Release|Any CPU
		{C6A86E10-032A-4B1F-B1D3-F75D3BA40725}.Debug|Any CPU.ActiveCfg = Debug|Any CPU
		{C6A86E10-032A-4B1F-B1D3-F75D3BA40725}.Debug|Any CPU.Build.0 = Debug|Any CPU
		{C6A86E10-032A-4B1F-B1D3-F75D3BA40725}.Release|Any CPU.ActiveCfg = Release|Any CPU
		{C6A86E10-032A-4B1F-B1D3-F75D3BA40725}.Release|Any CPU.Build.0 = Release|Any CPU
		{DE527DBC-E6E1-4CE5-B9D0-8EF803B70019}.Debug|Any CPU.ActiveCfg = Debug|Any CPU
		{DE527DBC-E6E1-4CE5-B9D0-8EF803B70019}.Debug|Any CPU.Build.0 = Debug|Any CPU
		{DE527DBC-E6E1-4CE5-B9D0-8EF803B70019}.Release|Any CPU.ActiveCfg = Release|Any CPU
		{DE527DBC-E6E1-4CE5-B9D0-8EF803B70019}.Release|Any CPU.Build.0 = Release|Any CPU
		{D59548C2-A567-4899-B7DD-0AE3C1B4C8F4}.Debug|Any CPU.ActiveCfg = Debug|Any CPU
		{D59548C2-A567-4899-B7DD-0AE3C1B4C8F4}.Debug|Any CPU.Build.0 = Debug|Any CPU
		{D59548C2-A567-4899-B7DD-0AE3C1B4C8F4}.Release|Any CPU.ActiveCfg = Release|Any CPU
		{D59548C2-A567-4899-B7DD-0AE3C1B4C8F4}.Release|Any CPU.Build.0 = Release|Any CPU
		{9A3C95A6-E387-4509-9D13-F2EA37527A57}.Debug|Any CPU.ActiveCfg = Debug|Any CPU
		{9A3C95A6-E387-4509-9D13-F2EA37527A57}.Debug|Any CPU.Build.0 = Debug|Any CPU
		{9A3C95A6-E387-4509-9D13-F2EA37527A57}.Release|Any CPU.ActiveCfg = Release|Any CPU
		{9A3C95A6-E387-4509-9D13-F2EA37527A57}.Release|Any CPU.Build.0 = Release|Any CPU
		{6577ACA7-223C-4781-80D4-3FEC97FC774E}.Debug|Any CPU.ActiveCfg = Debug|Any CPU
		{6577ACA7-223C-4781-80D4-3FEC97FC774E}.Debug|Any CPU.Build.0 = Debug|Any CPU
		{6577ACA7-223C-4781-80D4-3FEC97FC774E}.Release|Any CPU.ActiveCfg = Release|Any CPU
		{6577ACA7-223C-4781-80D4-3FEC97FC774E}.Release|Any CPU.Build.0 = Release|Any CPU
		{2E554F7D-F074-4B0D-BAE8-11C1A076CAB9}.Debug|Any CPU.ActiveCfg = Debug|Any CPU
		{2E554F7D-F074-4B0D-BAE8-11C1A076CAB9}.Debug|Any CPU.Build.0 = Debug|Any CPU
		{2E554F7D-F074-4B0D-BAE8-11C1A076CAB9}.Release|Any CPU.ActiveCfg = Release|Any CPU
		{2E554F7D-F074-4B0D-BAE8-11C1A076CAB9}.Release|Any CPU.Build.0 = Release|Any CPU
		{B1FD40C8-6E11-41F4-BBFF-335034E33597}.Debug|Any CPU.ActiveCfg = Debug|Any CPU
		{B1FD40C8-6E11-41F4-BBFF-335034E33597}.Debug|Any CPU.Build.0 = Debug|Any CPU
		{B1FD40C8-6E11-41F4-BBFF-335034E33597}.Release|Any CPU.ActiveCfg = Release|Any CPU
		{B1FD40C8-6E11-41F4-BBFF-335034E33597}.Release|Any CPU.Build.0 = Release|Any CPU
		{0F14A038-2F45-494A-8638-3F1DAEA7297D}.Debug|Any CPU.ActiveCfg = Debug|Any CPU
		{0F14A038-2F45-494A-8638-3F1DAEA7297D}.Debug|Any CPU.Build.0 = Debug|Any CPU
		{0F14A038-2F45-494A-8638-3F1DAEA7297D}.Release|Any CPU.ActiveCfg = Release|Any CPU
		{0F14A038-2F45-494A-8638-3F1DAEA7297D}.Release|Any CPU.Build.0 = Release|Any CPU
	EndGlobalSection
	GlobalSection(SolutionProperties) = preSolution
		HideSolutionNode = FALSE
	EndGlobalSection
	GlobalSection(ExtensibilityGlobals) = postSolution
		SolutionGuid = {D0654976-699D-4DB5-9456-EA420FCAB375}
	EndGlobalSection
EndGlobal
